
Microsoft Visual Studio Solution File, Format Version 12.00
# Visual Studio Version 16
VisualStudioVersion = 16.0.31702.278
MinimumVisualStudioVersion = 10.0.40219.1
Project("{8BC9CEB8-8B4A-11D0-8D11-00A0C91BC942}") = "ObjectPool", "ObjectPool\ObjectPool.vcxproj", "{B0F66F28-A549-4389-ACFE-9AA86BC3C960}"
EndProject
Global
	GlobalSection(SolutionConfigurationPlatforms) = preSolution
		Debug|x64 = Debug|x64
		Debug|x86 = Debug|x86
		Release|x64 = Release|x64
		Release|x86 = Release|x86
	EndGlobalSection
	GlobalSection(ProjectConfigurationPlatforms) = postSolution
		{B0F66F28-A549-4389-ACFE-9AA86BC3C960}.Debug|x64.ActiveCfg = Debug|x64
		{B0F66F28-A549-4389-ACFE-9AA86BC3C960}.Debug|x64.Build.0 = Debug|x64
		{B0F66F28-A549-4389-ACFE-9AA86BC3C960}.Debug|x86.ActiveCfg = Debug|Win32
		{B0F66F28-A549-4389-ACFE-9AA86BC3C960}.Debug|x86.Build.0 = Debug|Win32
		{B0F66F28-A549-4389-ACFE-9AA86BC3C960}.Release|x64.ActiveCfg = Release|x64
		{B0F66F28-A549-4389-ACFE-9AA86BC3C960}.Release|x64.Build.0 = Release|x64
		{B0F66F28-A549-4389-ACFE-9AA86BC3C960}.Release|x86.ActiveCfg = Release|Win32
		{B0F66F28-A549-4389-ACFE-9AA86BC3C960}.Release|x86.Build.0 = Release|Win32
	EndGlobalSection
	GlobalSection(SolutionProperties) = preSolution
		HideSolutionNode = FALSE
	EndGlobalSection
	GlobalSection(ExtensibilityGlobals) = postSolution
		SolutionGuid = {11C9A609-FB1D-4B90-950D-B38231629189}
	EndGlobalSection
EndGlobal
